{
  "requires": true,
  "lockfileVersion": 1,
  "dependencies": {
    "solid-pipelines": {
      "version": "1.0.1",
      "resolved": "https://registry.npmjs.org/solid-pipelines/-/solid-pipelines-1.0.1.tgz",
      "integrity": "sha512-hyj1fwNjP+TowWNHAeO9tiCa6fbJ1xiDlBVEQ9095ELWC6C/DPbmRfgfEbNPg5UJx3gyG8qUj5BjChw/9hEovw=="
    }
  }
}
